
Microsoft Visual Studio Solution File, Format Version 12.00
# Visual Studio Version 17
VisualStudioVersion = 17.3.32825.248
MinimumVisualStudioVersion = 10.0.40219.1
Project("{FAE04EC0-301F-11D3-BF4B-00C04F79EFBC}") = "LB2", "LB2\LB2.csproj", "{544B61E3-78D6-4131-BCC4-0A6C84B74DEE}"
EndProject
Global
	GlobalSection(SolutionConfigurationPlatforms) = preSolution
		Debug|Any CPU = Debug|Any CPU
		Release|Any CPU = Release|Any CPU
	EndGlobalSection
	GlobalSection(ProjectConfigurationPlatforms) = postSolution
		{544B61E3-78D6-4131-BCC4-0A6C84B74DEE}.Debug|Any CPU.ActiveCfg = Debug|Any CPU
		{544B61E3-78D6-4131-BCC4-0A6C84B74DEE}.Debug|Any CPU.Build.0 = Debug|Any CPU
		{544B61E3-78D6-4131-BCC4-0A6C84B74DEE}.Release|Any CPU.ActiveCfg = Release|Any CPU
		{544B61E3-78D6-4131-BCC4-0A6C84B74DEE}.Release|Any CPU.Build.0 = Release|Any CPU
	EndGlobalSection
	GlobalSection(SolutionProperties) = preSolution
		HideSolutionNode = FALSE
	EndGlobalSection
	GlobalSection(ExtensibilityGlobals) = postSolution
		SolutionGuid = {A27B3DE6-899A-44ED-B8D4-D657E830DBA6}
	EndGlobalSection
EndGlobal
