
Microsoft Visual Studio Solution File, Format Version 12.00
# Visual Studio Version 17
VisualStudioVersion = 17.4.33110.190
MinimumVisualStudioVersion = 10.0.40219.1
Project("{FAE04EC0-301F-11D3-BF4B-00C04F79EFBC}") = "LB5V3", "LB5V3\LB5V3.csproj", "{FBAE4D3B-C787-4974-969B-548DCC532E4B}"
EndProject
Global
	GlobalSection(SolutionConfigurationPlatforms) = preSolution
		Debug|Any CPU = Debug|Any CPU
		Release|Any CPU = Release|Any CPU
	EndGlobalSection
	GlobalSection(ProjectConfigurationPlatforms) = postSolution
		{FBAE4D3B-C787-4974-969B-548DCC532E4B}.Debug|Any CPU.ActiveCfg = Debug|Any CPU
		{FBAE4D3B-C787-4974-969B-548DCC532E4B}.Debug|Any CPU.Build.0 = Debug|Any CPU
		{FBAE4D3B-C787-4974-969B-548DCC532E4B}.Release|Any CPU.ActiveCfg = Release|Any CPU
		{FBAE4D3B-C787-4974-969B-548DCC532E4B}.Release|Any CPU.Build.0 = Release|Any CPU
	EndGlobalSection
	GlobalSection(SolutionProperties) = preSolution
		HideSolutionNode = FALSE
	EndGlobalSection
	GlobalSection(ExtensibilityGlobals) = postSolution
		SolutionGuid = {E6193AAC-A29F-4870-8A9B-A63D2EAD1496}
	EndGlobalSection
EndGlobal
